PODS:
  - MapboxCommon (24.6.0)
  - MapboxCoreMaps (11.6.0):
    - MapboxCommon (~> 24.6)
  - MapboxMaps (11.6.0):
    - MapboxCommon (= 24.6.0)
    - MapboxCoreMaps (= 11.6.0)
    - Turf (= 2.8.0)
  - Turf (2.8.0)

DEPENDENCIES:
  - MapboxMaps (= 11.6.0)

SPEC REPOS:
  trunk:
    - MapboxCommon
    - MapboxCoreMaps
    - MapboxMaps
    - Turf

SPEC CHECKSUMS:
  MapboxCommon: 6008e74b1312a093dec291497a036fc8b47f344f
  MapboxCoreMaps: bd097795c5ae4f002181769e7151474a33ce878a
  MapboxMaps: fc1b2ab98563d0157ba01f6e4a2fd8a8af556d92
  Turf: aa2ede4298009639d10db36aba1a7ebaad072a5e

PODFILE CHECKSUM: 6a14b95f1cbb0c89e72a77b8fa71069c93f3af3f

COCOAPODS: 1.15.2
