PODS:
  - MapboxCommon (21.3.0)
  - MapboxCoreMaps (10.5.1):
    - MapboxCommon (~> 21.3)
  - MapboxMapObjC (10.5.0):
    - MapboxMaps (= 10.5.0)
  - MapboxMaps (10.5.0):
    - MapboxCommon (= 21.3.0)
    - MapboxCoreMaps (= 10.5.1)
    - MapboxMobileEvents (= 1.0.7)
    - Turf (~> 2.0)
  - MapboxMobileEvents (1.0.7)
  - Turf (2.4.0)

DEPENDENCIES:
  - MapboxMapObjC (from `./`)

SPEC REPOS:
  trunk:
    - MapboxCommon
    - MapboxCoreMaps
    - MapboxMaps
    - MapboxMobileEvents
    - Turf

EXTERNAL SOURCES:
  MapboxMapObjC:
    :path: "./"

SPEC CHECKSUMS:
  MapboxCommon: a336e40b53e3fda5c419fe093c9c40aff4f4dd2b
  MapboxCoreMaps: f0c995b043323571ec46d7d9e496390982f6509d
  MapboxMapObjC: 89fa4fdd2d51f92bd75239800612de950c9b4600
  MapboxMaps: e85375aa3d6bea94bf9c0221aa59f35ee0b29f29
  MapboxMobileEvents: f7f3e8daeb4b83688ae62a4172dce79169a97233
  Turf: 60b93cfdc62758526bc7bf1ef191a829aeb9694d

PODFILE CHECKSUM: db05ce1098e2958054a9cd7c1db44bd61415d326

COCOAPODS: 1.11.3
