// !$*UTF8*$!
{
	archiveVersion = 1;
	classes = {
	};
	objectVersion = 55;
	objects = {

/* Begin PBXBuildFile section */
		2360108F2824796B00DAC76A /* AppDelegate.m in Sources */ = {isa = PBXBuildFile; fileRef = 2360108E2824796B00DAC76A /* AppDelegate.m */; };
		236010922824796B00DAC76A /* SceneDelegate.m in Sources */ = {isa = PBXBuildFile; fileRef = 236010912824796B00DAC76A /* SceneDelegate.m */; };
		236010952824796B00DAC76A /* ViewController.m in Sources */ = {isa = PBXBuildFile; fileRef = 236010942824796B00DAC76A /* ViewController.m */; };
		236010982824796B00DAC76A /* Main.storyboard in Resources */ = {isa = PBXBuildFile; fileRef = 236010962824796B00DAC76A /* Main.storyboard */; };
		2360109A2824796C00DAC76A /* Assets.xcassets in Resources */ = {isa = PBXBuildFile; fileRef = 236010992824796C00DAC76A /* Assets.xcassets */; };
		2360109D2824796C00DAC76A /* LaunchScreen.storyboard in Resources */ = {isa = PBXBuildFile; fileRef = 2360109B2824796C00DAC76A /* LaunchScreen.storyboard */; };
		236010A02824796C00DAC76A /* main.m in Sources */ = {isa = PBXBuildFile; fileRef = 2360109F2824796C00DAC76A /* main.m */; };
		236010C2282487FF00DAC76A /* MapboxMapObjC.h in Headers */ = {isa = PBXBuildFile; fileRef = 236010C1282487FF00DAC76A /* MapboxMapObjC.h */; settings = {ATTRIBUTES = (Public, ); }; };
		236F6C9E29AE5BA5002D1CED /* Puck2DConfigurationBuilder.swift in Sources */ = {isa = PBXBuildFile; fileRef = 236F6C9D29AE5BA5002D1CED /* Puck2DConfigurationBuilder.swift */; };
		23BA6DD32826C9FB00D2D03A /* CameraOptions.swift in Sources */ = {isa = PBXBuildFile; fileRef = 23BA6DD22826C9FB00D2D03A /* CameraOptions.swift */; };
		23BA6DD52826CA3400D2D03A /* MapInitOptionsFactory.swift in Sources */ = {isa = PBXBuildFile; fileRef = 23BA6DD42826CA3400D2D03A /* MapInitOptionsFactory.swift */; };
		23BA6DD72826CA5A00D2D03A /* ResourceOptions.swift in Sources */ = {isa = PBXBuildFile; fileRef = 23BA6DD62826CA5A00D2D03A /* ResourceOptions.swift */; };
		23F7987C282737C700A4B28F /* MapViewFactory.swift in Sources */ = {isa = PBXBuildFile; fileRef = 23F7987B282737C700A4B28F /* MapViewFactory.swift */; };
		4B615D0F47808FBA7942ED75 /* Pods_MapboxMapObjC.framework in Frameworks */ = {isa = PBXBuildFile; fileRef = 8B5427CF6A345589A43B370A /* Pods_MapboxMapObjC.framework */; };
		69AA66476376EBA91D585B06 /* Pods_mapboxqs.framework in Frameworks */ = {isa = PBXBuildFile; fileRef = 8111397F8E70B22D1D4E79C6 /* Pods_mapboxqs.framework */; };
/* End PBXBuildFile section */

/* Begin PBXContainerItemProxy section */
		2355ECD72945491A00942A8D /* PBXContainerItemProxy */ = {
			isa = PBXContainerItemProxy;
			containerPortal = 236010822824796B00DAC76A /* Project object */;
			proxyType = 1;
			remoteGlobalIDString = 236010BE282487FF00DAC76A;
			remoteInfo = MapboxMapObjC;
		};
/* End PBXContainerItemProxy section */

/* Begin PBXCopyFilesBuildPhase section */
		236010B32824839900DAC76A /* Embed Frameworks */ = {
			isa = PBXCopyFilesBuildPhase;
			buildActionMask = 2147483647;
			dstPath = "";
			dstSubfolderSpec = 10;
			files = (
			);
			name = "Embed Frameworks";
			runOnlyForDeploymentPostprocessing = 0;
		};
/* End PBXCopyFilesBuildPhase section */

/* Begin PBXFileReference section */
		1008B44E2EF4C9A4066230E2 /* Pods-MapboxMapObjC.release.xcconfig */ = {isa = PBXFileReference; includeInIndex = 1; lastKnownFileType = text.xcconfig; name = "Pods-MapboxMapObjC.release.xcconfig"; path = "Target Support Files/Pods-MapboxMapObjC/Pods-MapboxMapObjC.release.xcconfig"; sourceTree = "<group>"; };
		1C18D6659143F51DB92FF65C /* Pods-mapboxqs.debug.xcconfig */ = {isa = PBXFileReference; includeInIndex = 1; lastKnownFileType = text.xcconfig; name = "Pods-mapboxqs.debug.xcconfig"; path = "Target Support Files/Pods-mapboxqs/Pods-mapboxqs.debug.xcconfig"; sourceTree = "<group>"; };
		2360108A2824796B00DAC76A /* mapboxqs.app */ = {isa = PBXFileReference; explicitFileType = wrapper.application; includeInIndex = 0; path = mapboxqs.app; sourceTree = BUILT_PRODUCTS_DIR; };
		2360108D2824796B00DAC76A /* AppDelegate.h */ = {isa = PBXFileReference; lastKnownFileType = sourcecode.c.h; path = AppDelegate.h; sourceTree = "<group>"; };
		2360108E2824796B00DAC76A /* AppDelegate.m */ = {isa = PBXFileReference; lastKnownFileType = sourcecode.c.objc; path = AppDelegate.m; sourceTree = "<group>"; };
		236010902824796B00DAC76A /* SceneDelegate.h */ = {isa = PBXFileReference; lastKnownFileType = sourcecode.c.h; path = SceneDelegate.h; sourceTree = "<group>"; };
		236010912824796B00DAC76A /* SceneDelegate.m */ = {isa = PBXFileReference; lastKnownFileType = sourcecode.c.objc; path = SceneDelegate.m; sourceTree = "<group>"; };
		236010932824796B00DAC76A /* ViewController.h */ = {isa = PBXFileReference; lastKnownFileType = sourcecode.c.h; path = ViewController.h; sourceTree = "<group>"; };
		236010942824796B00DAC76A /* ViewController.m */ = {isa = PBXFileReference; lastKnownFileType = sourcecode.c.objc; path = ViewController.m; sourceTree = "<group>"; };
		236010972824796B00DAC76A /* Base */ = {isa = PBXFileReference; lastKnownFileType = file.storyboard; name = Base; path = Base.lproj/Main.storyboard; sourceTree = "<group>"; };
		236010992824796C00DAC76A /* Assets.xcassets */ = {isa = PBXFileReference; lastKnownFileType = folder.assetcatalog; path = Assets.xcassets; sourceTree = "<group>"; };
		2360109C2824796C00DAC76A /* Base */ = {isa = PBXFileReference; lastKnownFileType = file.storyboard; name = Base; path = Base.lproj/LaunchScreen.storyboard; sourceTree = "<group>"; };
		2360109E2824796C00DAC76A /* Info.plist */ = {isa = PBXFileReference; lastKnownFileType = text.plist.xml; path = Info.plist; sourceTree = "<group>"; };
		2360109F2824796C00DAC76A /* main.m */ = {isa = PBXFileReference; lastKnownFileType = sourcecode.c.objc; path = main.m; sourceTree = "<group>"; };
		236010BF282487FF00DAC76A /* MapboxMapObjC.framework */ = {isa = PBXFileReference; explicitFileType = wrapper.framework; includeInIndex = 0; path = MapboxMapObjC.framework; sourceTree = BUILT_PRODUCTS_DIR; };
		236010C1282487FF00DAC76A /* MapboxMapObjC.h */ = {isa = PBXFileReference; lastKnownFileType = sourcecode.c.h; path = MapboxMapObjC.h; sourceTree = "<group>"; };
		236F6C9D29AE5BA5002D1CED /* Puck2DConfigurationBuilder.swift */ = {isa = PBXFileReference; lastKnownFileType = sourcecode.swift; path = Puck2DConfigurationBuilder.swift; sourceTree = "<group>"; };
		23BA6DD22826C9FB00D2D03A /* CameraOptions.swift */ = {isa = PBXFileReference; lastKnownFileType = sourcecode.swift; path = CameraOptions.swift; sourceTree = "<group>"; };
		23BA6DD42826CA3400D2D03A /* MapInitOptionsFactory.swift */ = {isa = PBXFileReference; lastKnownFileType = sourcecode.swift; path = MapInitOptionsFactory.swift; sourceTree = "<group>"; };
		23BA6DD62826CA5A00D2D03A /* ResourceOptions.swift */ = {isa = PBXFileReference; lastKnownFileType = sourcecode.swift; path = ResourceOptions.swift; sourceTree = "<group>"; };
		23F7987B282737C700A4B28F /* MapViewFactory.swift */ = {isa = PBXFileReference; lastKnownFileType = sourcecode.swift; path = MapViewFactory.swift; sourceTree = "<group>"; };
		3EC76BAC30E5BCE447797093 /* Pods-MapboxMapObjC.debug.xcconfig */ = {isa = PBXFileReference; includeInIndex = 1; lastKnownFileType = text.xcconfig; name = "Pods-MapboxMapObjC.debug.xcconfig"; path = "Target Support Files/Pods-MapboxMapObjC/Pods-MapboxMapObjC.debug.xcconfig"; sourceTree = "<group>"; };
		6A7F4E86289B72CFADEC81AE /* Pods-mapboxqs.release.xcconfig */ = {isa = PBXFileReference; includeInIndex = 1; lastKnownFileType = text.xcconfig; name = "Pods-mapboxqs.release.xcconfig"; path = "Target Support Files/Pods-mapboxqs/Pods-mapboxqs.release.xcconfig"; sourceTree = "<group>"; };
		8111397F8E70B22D1D4E79C6 /* Pods_mapboxqs.framework */ = {isa = PBXFileReference; explicitFileType = wrapper.framework; includeInIndex = 0; path = Pods_mapboxqs.framework; sourceTree = BUILT_PRODUCTS_DIR; };
		8B5427CF6A345589A43B370A /* Pods_MapboxMapObjC.framework */ = {isa = PBXFileReference; explicitFileType = wrapper.framework; includeInIndex = 0; path = Pods_MapboxMapObjC.framework; sourceTree = BUILT_PRODUCTS_DIR; };
/* End PBXFileReference section */

/* Begin PBXFrameworksBuildPhase section */
		236010872824796B00DAC76A /* Frameworks */ = {
			isa = PBXFrameworksBuildPhase;
			buildActionMask = 2147483647;
			files = (
				69AA66476376EBA91D585B06 /* Pods_mapboxqs.framework in Frameworks */,
			);
			runOnlyForDeploymentPostprocessing = 0;
		};
		236010BC282487FF00DAC76A /* Frameworks */ = {
			isa = PBXFrameworksBuildPhase;
			buildActionMask = 2147483647;
			files = (
				4B615D0F47808FBA7942ED75 /* Pods_MapboxMapObjC.framework in Frameworks */,
			);
			runOnlyForDeploymentPostprocessing = 0;
		};
/* End PBXFrameworksBuildPhase section */

/* Begin PBXGroup section */
		236010812824796B00DAC76A = {
			isa = PBXGroup;
			children = (
				2360108C2824796B00DAC76A /* mapboxqs */,
				236010C0282487FF00DAC76A /* MapboxMapObjC */,
				2360108B2824796B00DAC76A /* Products */,
				AA618E7806441B780125F4BB /* Pods */,
				D041C99541434FB586634CD1 /* Frameworks */,
			);
			sourceTree = "<group>";
		};
		2360108B2824796B00DAC76A /* Products */ = {
			isa = PBXGroup;
			children = (
				2360108A2824796B00DAC76A /* mapboxqs.app */,
				236010BF282487FF00DAC76A /* MapboxMapObjC.framework */,
			);
			name = Products;
			sourceTree = "<group>";
		};
		2360108C2824796B00DAC76A /* mapboxqs */ = {
			isa = PBXGroup;
			children = (
				2360108D2824796B00DAC76A /* AppDelegate.h */,
				2360108E2824796B00DAC76A /* AppDelegate.m */,
				236010902824796B00DAC76A /* SceneDelegate.h */,
				236010912824796B00DAC76A /* SceneDelegate.m */,
				236010932824796B00DAC76A /* ViewController.h */,
				236010942824796B00DAC76A /* ViewController.m */,
				236010962824796B00DAC76A /* Main.storyboard */,
				236010992824796C00DAC76A /* Assets.xcassets */,
				2360109B2824796C00DAC76A /* LaunchScreen.storyboard */,
				2360109E2824796C00DAC76A /* Info.plist */,
				2360109F2824796C00DAC76A /* main.m */,
			);
			path = mapboxqs;
			sourceTree = "<group>";
		};
		236010C0282487FF00DAC76A /* MapboxMapObjC */ = {
			isa = PBXGroup;
			children = (
				236010C1282487FF00DAC76A /* MapboxMapObjC.h */,
				23BA6DD22826C9FB00D2D03A /* CameraOptions.swift */,
				23BA6DD42826CA3400D2D03A /* MapInitOptionsFactory.swift */,
				23BA6DD62826CA5A00D2D03A /* ResourceOptions.swift */,
				23F7987B282737C700A4B28F /* MapViewFactory.swift */,
				236F6C9D29AE5BA5002D1CED /* Puck2DConfigurationBuilder.swift */,
			);
			path = MapboxMapObjC;
			sourceTree = "<group>";
		};
		AA618E7806441B780125F4BB /* Pods */ = {
			isa = PBXGroup;
			children = (
				3EC76BAC30E5BCE447797093 /* Pods-MapboxMapObjC.debug.xcconfig */,
				1008B44E2EF4C9A4066230E2 /* Pods-MapboxMapObjC.release.xcconfig */,
				1C18D6659143F51DB92FF65C /* Pods-mapboxqs.debug.xcconfig */,
				6A7F4E86289B72CFADEC81AE /* Pods-mapboxqs.release.xcconfig */,
			);
			path = Pods;
			sourceTree = "<group>";
		};
		D041C99541434FB586634CD1 /* Frameworks */ = {
			isa = PBXGroup;
			children = (
				8B5427CF6A345589A43B370A /* Pods_MapboxMapObjC.framework */,
				8111397F8E70B22D1D4E79C6 /* Pods_mapboxqs.framework */,
			);
			name = Frameworks;
			sourceTree = "<group>";
		};
/* End PBXGroup section */

/* Begin PBXHeadersBuildPhase section */
		236010BA282487FF00DAC76A /* Headers */ = {
			isa = PBXHeadersBuildPhase;
			buildActionMask = 2147483647;
			files = (
				236010C2282487FF00DAC76A /* MapboxMapObjC.h in Headers */,
			);
			runOnlyForDeploymentPostprocessing = 0;
		};
/* End PBXHeadersBuildPhase section */

/* Begin PBXNativeTarget section */
		236010892824796B00DAC76A /* mapboxqs */ = {
			isa = PBXNativeTarget;
			buildConfigurationList = 236010A32824796C00DAC76A /* Build configuration list for PBXNativeTarget "mapboxqs" */;
			buildPhases = (
				3E96499224816E4359BFE0C8 /* [CP] Check Pods Manifest.lock */,
				236010862824796B00DAC76A /* Sources */,
				236010872824796B00DAC76A /* Frameworks */,
				236010882824796B00DAC76A /* Resources */,
				236010B32824839900DAC76A /* Embed Frameworks */,
				A81AE4C68C6B9F65142F1365 /* [CP] Embed Pods Frameworks */,
			);
			buildRules = (
			);
			dependencies = (
				2355ECD82945491A00942A8D /* PBXTargetDependency */,
			);
			name = mapboxqs;
			productName = mapboxqs;
			productReference = 2360108A2824796B00DAC76A /* mapboxqs.app */;
			productType = "com.apple.product-type.application";
		};
		236010BE282487FF00DAC76A /* MapboxMapObjC */ = {
			isa = PBXNativeTarget;
			buildConfigurationList = 236010C7282487FF00DAC76A /* Build configuration list for PBXNativeTarget "MapboxMapObjC" */;
			buildPhases = (
				10861737BE3B50EF544B207F /* [CP] Check Pods Manifest.lock */,
				236010BA282487FF00DAC76A /* Headers */,
				236010BB282487FF00DAC76A /* Sources */,
				236010BC282487FF00DAC76A /* Frameworks */,
				236010BD282487FF00DAC76A /* Resources */,
			);
			buildRules = (
			);
			dependencies = (
			);
			name = MapboxMapObjC;
			productName = MapboxMapObjC;
			productReference = 236010BF282487FF00DAC76A /* MapboxMapObjC.framework */;
			productType = "com.apple.product-type.framework";
		};
/* End PBXNativeTarget section */

/* Begin PBXProject section */
		236010822824796B00DAC76A /* Project object */ = {
			isa = PBXProject;
			attributes = {
				BuildIndependentTargetsInParallel = 1;
				LastUpgradeCheck = 1330;
				TargetAttributes = {
					236010892824796B00DAC76A = {
						CreatedOnToolsVersion = 13.3.1;
						LastSwiftMigration = 1330;
					};
					236010BE282487FF00DAC76A = {
						CreatedOnToolsVersion = 13.3.1;
						LastSwiftMigration = 1330;
					};
				};
			};
			buildConfigurationList = 236010852824796B00DAC76A /* Build configuration list for PBXProject "mapboxqs" */;
			compatibilityVersion = "Xcode 13.0";
			developmentRegion = en;
			hasScannedForEncodings = 0;
			knownRegions = (
				en,
				Base,
			);
			mainGroup = 236010812824796B00DAC76A;
			productRefGroup = 2360108B2824796B00DAC76A /* Products */;
			projectDirPath = "";
			projectRoot = "";
			targets = (
				236010892824796B00DAC76A /* mapboxqs */,
				236010BE282487FF00DAC76A /* MapboxMapObjC */,
			);
		};
/* End PBXProject section */

/* Begin PBXResourcesBuildPhase section */
		236010882824796B00DAC76A /* Resources */ = {
			isa = PBXResourcesBuildPhase;
			buildActionMask = 2147483647;
			files = (
				2360109D2824796C00DAC76A /* LaunchScreen.storyboard in Resources */,
				2360109A2824796C00DAC76A /* Assets.xcassets in Resources */,
				236010982824796B00DAC76A /* Main.storyboard in Resources */,
			);
			runOnlyForDeploymentPostprocessing = 0;
		};
		236010BD282487FF00DAC76A /* Resources */ = {
			isa = PBXResourcesBuildPhase;
			buildActionMask = 2147483647;
			files = (
			);
			runOnlyForDeploymentPostprocessing = 0;
		};
/* End PBXResourcesBuildPhase section */

/* Begin PBXShellScriptBuildPhase section */
		10861737BE3B50EF544B207F /* [CP] Check Pods Manifest.lock */ = {
			isa = PBXShellScriptBuildPhase;
			buildActionMask = 2147483647;
			files = (
			);
			inputFileListPaths = (
			);
			inputPaths = (
				"${PODS_PODFILE_DIR_PATH}/Podfile.lock",
				"${PODS_ROOT}/Manifest.lock",
			);
			name = "[CP] Check Pods Manifest.lock";
			outputFileListPaths = (
			);
			outputPaths = (
				"$(DERIVED_FILE_DIR)/Pods-MapboxMapObjC-checkManifestLockResult.txt",
			);
			runOnlyForDeploymentPostprocessing = 0;
			shellPath = /bin/sh;
			shellScript = "diff \"${PODS_PODFILE_DIR_PATH}/Podfile.lock\" \"${PODS_ROOT}/Manifest.lock\" > /dev/null\nif [ $? != 0 ] ; then\n    # print error to STDERR\n    echo \"error: The sandbox is not in sync with the Podfile.lock. Run 'pod install' or update your CocoaPods installation.\" >&2\n    exit 1\nfi\n# This output is used by Xcode 'outputs' to avoid re-running this script phase.\necho \"SUCCESS\" > \"${SCRIPT_OUTPUT_FILE_0}\"\n";
			showEnvVarsInLog = 0;
		};
		3E96499224816E4359BFE0C8 /* [CP] Check Pods Manifest.lock */ = {
			isa = PBXShellScriptBuildPhase;
			buildActionMask = 2147483647;
			files = (
			);
			inputFileListPaths = (
			);
			inputPaths = (
				"${PODS_PODFILE_DIR_PATH}/Podfile.lock",
				"${PODS_ROOT}/Manifest.lock",
			);
			name = "[CP] Check Pods Manifest.lock";
			outputFileListPaths = (
			);
			outputPaths = (
				"$(DERIVED_FILE_DIR)/Pods-mapboxqs-checkManifestLockResult.txt",
			);
			runOnlyForDeploymentPostprocessing = 0;
			shellPath = /bin/sh;
			shellScript = "diff \"${PODS_PODFILE_DIR_PATH}/Podfile.lock\" \"${PODS_ROOT}/Manifest.lock\" > /dev/null\nif [ $? != 0 ] ; then\n    # print error to STDERR\n    echo \"error: The sandbox is not in sync with the Podfile.lock. Run 'pod install' or update your CocoaPods installation.\" >&2\n    exit 1\nfi\n# This output is used by Xcode 'outputs' to avoid re-running this script phase.\necho \"SUCCESS\" > \"${SCRIPT_OUTPUT_FILE_0}\"\n";
			showEnvVarsInLog = 0;
		};
		A81AE4C68C6B9F65142F1365 /* [CP] Embed Pods Frameworks */ = {
			isa = PBXShellScriptBuildPhase;
			buildActionMask = 2147483647;
			files = (
			);
			inputFileListPaths = (
				"${PODS_ROOT}/Target Support Files/Pods-mapboxqs/Pods-mapboxqs-frameworks-${CONFIGURATION}-input-files.xcfilelist",
			);
			name = "[CP] Embed Pods Frameworks";
			outputFileListPaths = (
				"${PODS_ROOT}/Target Support Files/Pods-mapboxqs/Pods-mapboxqs-frameworks-${CONFIGURATION}-output-files.xcfilelist",
			);
			runOnlyForDeploymentPostprocessing = 0;
			shellPath = /bin/sh;
			shellScript = "\"${PODS_ROOT}/Target Support Files/Pods-mapboxqs/Pods-mapboxqs-frameworks.sh\"\n";
			showEnvVarsInLog = 0;
		};
/* End PBXShellScriptBuildPhase section */

/* Begin PBXSourcesBuildPhase section */
		236010862824796B00DAC76A /* Sources */ = {
			isa = PBXSourcesBuildPhase;
			buildActionMask = 2147483647;
			files = (
				236010952824796B00DAC76A /* ViewController.m in Sources */,
				2360108F2824796B00DAC76A /* AppDelegate.m in Sources */,
				236010A02824796C00DAC76A /* main.m in Sources */,
				236010922824796B00DAC76A /* SceneDelegate.m in Sources */,
			);
			runOnlyForDeploymentPostprocessing = 0;
		};
		236010BB282487FF00DAC76A /* Sources */ = {
			isa = PBXSourcesBuildPhase;
			buildActionMask = 2147483647;
			files = (
				23BA6DD52826CA3400D2D03A /* MapInitOptionsFactory.swift in Sources */,
				23BA6DD72826CA5A00D2D03A /* ResourceOptions.swift in Sources */,
				23F7987C282737C700A4B28F /* MapViewFactory.swift in Sources */,
				23BA6DD32826C9FB00D2D03A /* CameraOptions.swift in Sources */,
				236F6C9E29AE5BA5002D1CED /* Puck2DConfigurationBuilder.swift in Sources */,
			);
			runOnlyForDeploymentPostprocessing = 0;
		};
/* End PBXSourcesBuildPhase section */

/* Begin PBXTargetDependency section */
		2355ECD82945491A00942A8D /* PBXTargetDependency */ = {
			isa = PBXTargetDependency;
			target = 236010BE282487FF00DAC76A /* MapboxMapObjC */;
			targetProxy = 2355ECD72945491A00942A8D /* PBXContainerItemProxy */;
		};
/* End PBXTargetDependency section */

/* Begin PBXVariantGroup section */
		236010962824796B00DAC76A /* Main.storyboard */ = {
			isa = PBXVariantGroup;
			children = (
				236010972824796B00DAC76A /* Base */,
			);
			name = Main.storyboard;
			sourceTree = "<group>";
		};
		2360109B2824796C00DAC76A /* LaunchScreen.storyboard */ = {
			isa = PBXVariantGroup;
			children = (
				2360109C2824796C00DAC76A /* Base */,
			);
			name = LaunchScreen.storyboard;
			sourceTree = "<group>";
		};
/* End PBXVariantGroup section */

/* Begin XCBuildConfiguration section */
		236010A12824796C00DAC76A /* Debug */ = {
			isa = XCBuildConfiguration;
			buildSettings = {
				ALWAYS_SEARCH_USER_PATHS = NO;
				CLANG_ANALYZER_NONNULL = YES;
				CLANG_ANALYZER_NUMBER_OBJECT_CONVERSION = YES_AGGRESSIVE;
				CLANG_CXX_LANGUAGE_STANDARD = "gnu++17";
				CLANG_ENABLE_MODULES = YES;
				CLANG_ENABLE_OBJC_ARC = YES;
				CLANG_ENABLE_OBJC_WEAK = YES;
				CLANG_WARN_BLOCK_CAPTURE_AUTORELEASING = YES;
				CLANG_WARN_BOOL_CONVERSION = YES;
				CLANG_WARN_COMMA = YES;
				CLANG_WARN_CONSTANT_CONVERSION = YES;
				CLANG_WARN_DEPRECATED_OBJC_IMPLEMENTATIONS = YES;
				CLANG_WARN_DIRECT_OBJC_ISA_USAGE = YES_ERROR;
				CLANG_WARN_DOCUMENTATION_COMMENTS = YES;
				CLANG_WARN_EMPTY_BODY = YES;
				CLANG_WARN_ENUM_CONVERSION = YES;
				CLANG_WARN_INFINITE_RECURSION = YES;
				CLANG_WARN_INT_CONVERSION = YES;
				CLANG_WARN_NON_LITERAL_NULL_CONVERSION = YES;
				CLANG_WARN_OBJC_IMPLICIT_RETAIN_SELF = YES;
				CLANG_WARN_OBJC_LITERAL_CONVERSION = YES;
				CLANG_WARN_OBJC_ROOT_CLASS = YES_ERROR;
				CLANG_WARN_QUOTED_INCLUDE_IN_FRAMEWORK_HEADER = YES;
				CLANG_WARN_RANGE_LOOP_ANALYSIS = YES;
				CLANG_WARN_STRICT_PROTOTYPES = YES;
				CLANG_WARN_SUSPICIOUS_MOVE = YES;
				CLANG_WARN_UNGUARDED_AVAILABILITY = YES_AGGRESSIVE;
				CLANG_WARN_UNREACHABLE_CODE = YES;
				CLANG_WARN__DUPLICATE_METHOD_MATCH = YES;
				COPY_PHASE_STRIP = NO;
				DEBUG_INFORMATION_FORMAT = dwarf;
				ENABLE_STRICT_OBJC_MSGSEND = YES;
				ENABLE_TESTABILITY = YES;
				GCC_C_LANGUAGE_STANDARD = gnu11;
				GCC_DYNAMIC_NO_PIC = NO;
				GCC_NO_COMMON_BLOCKS = YES;
				GCC_OPTIMIZATION_LEVEL = 0;
				GCC_PREPROCESSOR_DEFINITIONS = (
					"DEBUG=1",
					"$(inherited)",
				);
				GCC_WARN_64_TO_32_BIT_CONVERSION = YES;
				GCC_WARN_ABOUT_RETURN_TYPE = YES_ERROR;
				GCC_WARN_UNDECLARED_SELECTOR = YES;
				GCC_WARN_UNINITIALIZED_AUTOS = YES_AGGRESSIVE;
				GCC_WARN_UNUSED_FUNCTION = YES;
				GCC_WARN_UNUSED_VARIABLE = YES;
				IPHONEOS_DEPLOYMENT_TARGET = 15.4;
				MTL_ENABLE_DEBUG_INFO = INCLUDE_SOURCE;
				MTL_FAST_MATH = YES;
				ONLY_ACTIVE_ARCH = YES;
				SDKROOT = iphoneos;
			};
			name = Debug;
		};
		236010A22824796C00DAC76A /* Release */ = {
			isa = XCBuildConfiguration;
			buildSettings = {
				ALWAYS_SEARCH_USER_PATHS = NO;
				CLANG_ANALYZER_NONNULL = YES;
				CLANG_ANALYZER_NUMBER_OBJECT_CONVERSION = YES_AGGRESSIVE;
				CLANG_CXX_LANGUAGE_STANDARD = "gnu++17";
				CLANG_ENABLE_MODULES = YES;
				CLANG_ENABLE_OBJC_ARC = YES;
				CLANG_ENABLE_OBJC_WEAK = YES;
				CLANG_WARN_BLOCK_CAPTURE_AUTORELEASING = YES;
				CLANG_WARN_BOOL_CONVERSION = YES;
				CLANG_WARN_COMMA = YES;
				CLANG_WARN_CONSTANT_CONVERSION = YES;
				CLANG_WARN_DEPRECATED_OBJC_IMPLEMENTATIONS = YES;
				CLANG_WARN_DIRECT_OBJC_ISA_USAGE = YES_ERROR;
				CLANG_WARN_DOCUMENTATION_COMMENTS = YES;
				CLANG_WARN_EMPTY_BODY = YES;
				CLANG_WARN_ENUM_CONVERSION = YES;
				CLANG_WARN_INFINITE_RECURSION = YES;
				CLANG_WARN_INT_CONVERSION = YES;
				CLANG_WARN_NON_LITERAL_NULL_CONVERSION = YES;
				CLANG_WARN_OBJC_IMPLICIT_RETAIN_SELF = YES;
				CLANG_WARN_OBJC_LITERAL_CONVERSION = YES;
				CLANG_WARN_OBJC_ROOT_CLASS = YES_ERROR;
				CLANG_WARN_QUOTED_INCLUDE_IN_FRAMEWORK_HEADER = YES;
				CLANG_WARN_RANGE_LOOP_ANALYSIS = YES;
				CLANG_WARN_STRICT_PROTOTYPES = YES;
				CLANG_WARN_SUSPICIOUS_MOVE = YES;
				CLANG_WARN_UNGUARDED_AVAILABILITY = YES_AGGRESSIVE;
				CLANG_WARN_UNREACHABLE_CODE = YES;
				CLANG_WARN__DUPLICATE_METHOD_MATCH = YES;
				COPY_PHASE_STRIP = NO;
				DEBUG_INFORMATION_FORMAT = "dwarf-with-dsym";
				ENABLE_NS_ASSERTIONS = NO;
				ENABLE_STRICT_OBJC_MSGSEND = YES;
				GCC_C_LANGUAGE_STANDARD = gnu11;
				GCC_NO_COMMON_BLOCKS = YES;
				GCC_WARN_64_TO_32_BIT_CONVERSION = YES;
				GCC_WARN_ABOUT_RETURN_TYPE = YES_ERROR;
				GCC_WARN_UNDECLARED_SELECTOR = YES;
				GCC_WARN_UNINITIALIZED_AUTOS = YES_AGGRESSIVE;
				GCC_WARN_UNUSED_FUNCTION = YES;
				GCC_WARN_UNUSED_VARIABLE = YES;
				IPHONEOS_DEPLOYMENT_TARGET = 15.4;
				MTL_ENABLE_DEBUG_INFO = NO;
				MTL_FAST_MATH = YES;
				SDKROOT = iphoneos;
				VALIDATE_PRODUCT = YES;
			};
			name = Release;
		};
		236010A42824796C00DAC76A /* Debug */ = {
			isa = XCBuildConfiguration;
			baseConfigurationReference = 1C18D6659143F51DB92FF65C /* Pods-mapboxqs.debug.xcconfig */;
			buildSettings = {
				ALWAYS_EMBED_SWIFT_STANDARD_LIBRARIES = YES;
				ASSETCATALOG_COMPILER_APPICON_NAME = AppIcon;
				ASSETCATALOG_COMPILER_GLOBAL_ACCENT_COLOR_NAME = AccentColor;
				CLANG_ENABLE_MODULES = YES;
				CODE_SIGN_STYLE = Automatic;
				CURRENT_PROJECT_VERSION = 1;
				DEFINES_MODULE = YES;
				DEVELOPMENT_TEAM = YP5SN2SP3V;
				GENERATE_INFOPLIST_FILE = YES;
				INFOPLIST_FILE = mapboxqs/Info.plist;
				INFOPLIST_KEY_UIApplicationSupportsIndirectInputEvents = YES;
				INFOPLIST_KEY_UILaunchStoryboardName = LaunchScreen;
				INFOPLIST_KEY_UIMainStoryboardFile = Main;
				INFOPLIST_KEY_UISupportedInterfaceOrientations_iPad = "UIInterfaceOrientationPortrait UIInterfaceOrientationPortraitUpsideDown UIInterfaceOrientationLandscapeLeft UIInterfaceOrientationLandscapeRight";
				INFOPLIST_KEY_UISupportedInterfaceOrientations_iPhone = "UIInterfaceOrientationPortrait UIInterfaceOrientationLandscapeLeft UIInterfaceOrientationLandscapeRight";
				LD_RUNPATH_SEARCH_PATHS = (
					"$(inherited)",
					"@executable_path/Frameworks",
				);
				MARKETING_VERSION = 1.0;
				PRODUCT_BUNDLE_IDENTIFIER = "tech.tuyen-vuduc.mapboxobjcqs";
				PRODUCT_NAME = "$(TARGET_NAME)";
				SWIFT_EMIT_LOC_STRINGS = YES;
				SWIFT_OBJC_BRIDGING_HEADER = "mapboxqs/mapboxqs-Bridging-Header.h";
				SWIFT_OPTIMIZATION_LEVEL = "-Onone";
				SWIFT_VERSION = 5.0;
				TARGETED_DEVICE_FAMILY = "1,2";
			};
			name = Debug;
		};
		236010A52824796C00DAC76A /* Release */ = {
			isa = XCBuildConfiguration;
			baseConfigurationReference = 6A7F4E86289B72CFADEC81AE /* Pods-mapboxqs.release.xcconfig */;
			buildSettings = {
				ALWAYS_EMBED_SWIFT_STANDARD_LIBRARIES = YES;
				ASSETCATALOG_COMPILER_APPICON_NAME = AppIcon;
				ASSETCATALOG_COMPILER_GLOBAL_ACCENT_COLOR_NAME = AccentColor;
				CLANG_ENABLE_MODULES = YES;
				CODE_SIGN_STYLE = Automatic;
				CURRENT_PROJECT_VERSION = 1;
				DEFINES_MODULE = YES;
				DEVELOPMENT_TEAM = YP5SN2SP3V;
				GENERATE_INFOPLIST_FILE = YES;
				INFOPLIST_FILE = mapboxqs/Info.plist;
				INFOPLIST_KEY_UIApplicationSupportsIndirectInputEvents = YES;
				INFOPLIST_KEY_UILaunchStoryboardName = LaunchScreen;
				INFOPLIST_KEY_UIMainStoryboardFile = Main;
				INFOPLIST_KEY_UISupportedInterfaceOrientations_iPad = "UIInterfaceOrientationPortrait UIInterfaceOrientationPortraitUpsideDown UIInterfaceOrientationLandscapeLeft UIInterfaceOrientationLandscapeRight";
				INFOPLIST_KEY_UISupportedInterfaceOrientations_iPhone = "UIInterfaceOrientationPortrait UIInterfaceOrientationLandscapeLeft UIInterfaceOrientationLandscapeRight";
				LD_RUNPATH_SEARCH_PATHS = (
					"$(inherited)",
					"@executable_path/Frameworks",
				);
				MARKETING_VERSION = 1.0;
				PRODUCT_BUNDLE_IDENTIFIER = "tech.tuyen-vuduc.mapboxobjcqs";
				PRODUCT_NAME = "$(TARGET_NAME)";
				SWIFT_EMIT_LOC_STRINGS = YES;
				SWIFT_OBJC_BRIDGING_HEADER = "mapboxqs/mapboxqs-Bridging-Header.h";
				SWIFT_VERSION = 5.0;
				TARGETED_DEVICE_FAMILY = "1,2";
			};
			name = Release;
		};
		236010C8282487FF00DAC76A /* Debug */ = {
			isa = XCBuildConfiguration;
			baseConfigurationReference = 3EC76BAC30E5BCE447797093 /* Pods-MapboxMapObjC.debug.xcconfig */;
			buildSettings = {
				BUILD_LIBRARY_FOR_DISTRIBUTION = NO;
				CLANG_ENABLE_MODULES = YES;
				CODE_SIGN_STYLE = Automatic;
				CURRENT_PROJECT_VERSION = 1;
				DEFINES_MODULE = YES;
				DYLIB_COMPATIBILITY_VERSION = 1;
				DYLIB_CURRENT_VERSION = 1;
				DYLIB_INSTALL_NAME_BASE = "@rpath";
				GENERATE_INFOPLIST_FILE = YES;
				INFOPLIST_KEY_NSHumanReadableCopyright = "";
				INSTALL_PATH = "$(LOCAL_LIBRARY_DIR)/Frameworks";
				LD_RUNPATH_SEARCH_PATHS = (
					"$(inherited)",
					"@executable_path/Frameworks",
					"@loader_path/Frameworks",
				);
				MARKETING_VERSION = 10.5.0;
				PRODUCT_BUNDLE_IDENTIFIER = "tech.tuyen-vuduc.MapboxMapObjC";
				PRODUCT_NAME = "$(TARGET_NAME:c99extidentifier)";
				SKIP_INSTALL = YES;
				SUPPORTS_MACCATALYST = YES;
				SWIFT_ACTIVE_COMPILATION_CONDITIONS = DEBUG;
				SWIFT_EMIT_LOC_STRINGS = YES;
				SWIFT_OPTIMIZATION_LEVEL = "-Onone";
				SWIFT_VERSION = 5.0;
				TARGETED_DEVICE_FAMILY = "1,2";
				VERSIONING_SYSTEM = "apple-generic";
				VERSION_INFO_PREFIX = "";
			};
			name = Debug;
		};
		236010C9282487FF00DAC76A /* Release */ = {
			isa = XCBuildConfiguration;
			baseConfigurationReference = 1008B44E2EF4C9A4066230E2 /* Pods-MapboxMapObjC.release.xcconfig */;
			buildSettings = {
				BUILD_LIBRARY_FOR_DISTRIBUTION = NO;
				CLANG_ENABLE_MODULES = YES;
				CODE_SIGN_STYLE = Automatic;
				CURRENT_PROJECT_VERSION = 1;
				DEFINES_MODULE = YES;
				DYLIB_COMPATIBILITY_VERSION = 1;
				DYLIB_CURRENT_VERSION = 1;
				DYLIB_INSTALL_NAME_BASE = "@rpath";
				GENERATE_INFOPLIST_FILE = YES;
				INFOPLIST_KEY_NSHumanReadableCopyright = "";
				INSTALL_PATH = "$(LOCAL_LIBRARY_DIR)/Frameworks";
				LD_RUNPATH_SEARCH_PATHS = (
					"$(inherited)",
					"@executable_path/Frameworks",
					"@loader_path/Frameworks",
				);
				MARKETING_VERSION = 10.5.0;
				PRODUCT_BUNDLE_IDENTIFIER = "tech.tuyen-vuduc.MapboxMapObjC";
				PRODUCT_NAME = "$(TARGET_NAME:c99extidentifier)";
				SKIP_INSTALL = YES;
				SUPPORTS_MACCATALYST = YES;
				SWIFT_COMPILATION_MODE = wholemodule;
				SWIFT_EMIT_LOC_STRINGS = YES;
				SWIFT_OPTIMIZATION_LEVEL = "-O";
				SWIFT_VERSION = 5.0;
				TARGETED_DEVICE_FAMILY = "1,2";
				VERSIONING_SYSTEM = "apple-generic";
				VERSION_INFO_PREFIX = "";
			};
			name = Release;
		};
/* End XCBuildConfiguration section */

/* Begin XCConfigurationList section */
		236010852824796B00DAC76A /* Build configuration list for PBXProject "mapboxqs" */ = {
			isa = XCConfigurationList;
			buildConfigurations = (
				236010A12824796C00DAC76A /* Debug */,
				236010A22824796C00DAC76A /* Release */,
			);
			defaultConfigurationIsVisible = 0;
			defaultConfigurationName = Release;
		};
		236010A32824796C00DAC76A /* Build configuration list for PBXNativeTarget "mapboxqs" */ = {
			isa = XCConfigurationList;
			buildConfigurations = (
				236010A42824796C00DAC76A /* Debug */,
				236010A52824796C00DAC76A /* Release */,
			);
			defaultConfigurationIsVisible = 0;
			defaultConfigurationName = Release;
		};
		236010C7282487FF00DAC76A /* Build configuration list for PBXNativeTarget "MapboxMapObjC" */ = {
			isa = XCConfigurationList;
			buildConfigurations = (
				236010C8282487FF00DAC76A /* Debug */,
				236010C9282487FF00DAC76A /* Release */,
			);
			defaultConfigurationIsVisible = 0;
			defaultConfigurationName = Release;
		};
/* End XCConfigurationList section */
	};
	rootObject = 236010822824796B00DAC76A /* Project object */;
}
